
Microsoft Visual Studio Solution File, Format Version 12.00
# Visual Studio 15
VisualStudioVersion = 15.0.28307.1433
MinimumVisualStudioVersion = 10.0.40219.1
Project("{F184B08F-C81C-45F6-A57F-5ABD9991F28F}") = "Sample_VB", "Sample_VB\Sample_VB.vbproj", "{421BD17E-E7B6-4C4F-8379-08CB153C7065}"
EndProject
Project("{FAE04EC0-301F-11D3-BF4B-00C04F79EFBC}") = "Sample_CSharp", "Sample_CSharp\Sample_CSharp.csproj", "{A30A03F3-1D5A-4A4A-8BCA-A00B385ABAC1}"
EndProject
Project("{8BC9CEB8-8B4A-11D0-8D11-00A0C91BC942}") = "CFirmwareUpdate", "Sample_C\FirmwareUpdate\CFirmwareUpdate.vcxproj", "{7A46A89F-9479-4BBC-9852-05D85F54039E}"
EndProject
Project("{8BC9CEB8-8B4A-11D0-8D11-00A0C91BC942}") = "CSample", "Sample_C\SimpleApplication\CSample.vcxproj", "{F03AEF27-C721-4BB8-9B6E-1F2FE9382D8E}"
EndProject
Project("{8BC9CEB8-8B4A-11D0-8D11-00A0C91BC942}") = "DataLogging", "Sample_C\DataLogging\DataLogging.vcxproj", "{FC8B9760-F19F-42BF-8221-70C40ACAAACA}"
EndProject
Global
	GlobalSection(SolutionConfigurationPlatforms) = preSolution
		Debug|Win32 = Debug|Win32
		Debug|x64 = Debug|x64
		Debug|x86 = Debug|x86
		Release|Win32 = Release|Win32
		Release|x64 = Release|x64
		Release|x86 = Release|x86
	EndGlobalSection
	GlobalSection(ProjectConfigurationPlatforms) = postSolution
		{421BD17E-E7B6-4C4F-8379-08CB153C7065}.Debug|Win32.ActiveCfg = Debug|x64
		{421BD17E-E7B6-4C4F-8379-08CB153C7065}.Debug|Win32.Build.0 = Debug|x64
		{421BD17E-E7B6-4C4F-8379-08CB153C7065}.Debug|x64.ActiveCfg = Debug|x64
		{421BD17E-E7B6-4C4F-8379-08CB153C7065}.Debug|x64.Build.0 = Debug|x64
		{421BD17E-E7B6-4C4F-8379-08CB153C7065}.Debug|x86.ActiveCfg = Debug|x86
		{421BD17E-E7B6-4C4F-8379-08CB153C7065}.Debug|x86.Build.0 = Debug|x86
		{421BD17E-E7B6-4C4F-8379-08CB153C7065}.Release|Win32.ActiveCfg = Release|x86
		{421BD17E-E7B6-4C4F-8379-08CB153C7065}.Release|Win32.Build.0 = Release|x86
		{421BD17E-E7B6-4C4F-8379-08CB153C7065}.Release|x64.ActiveCfg = Release|x64
		{421BD17E-E7B6-4C4F-8379-08CB153C7065}.Release|x64.Build.0 = Release|x64
		{421BD17E-E7B6-4C4F-8379-08CB153C7065}.Release|x86.ActiveCfg = Release|x86
		{421BD17E-E7B6-4C4F-8379-08CB153C7065}.Release|x86.Build.0 = Release|x86
		{A30A03F3-1D5A-4A4A-8BCA-A00B385ABAC1}.Debug|Win32.ActiveCfg = Debug|x64
		{A30A03F3-1D5A-4A4A-8BCA-A00B385ABAC1}.Debug|Win32.Build.0 = Debug|x64
		{A30A03F3-1D5A-4A4A-8BCA-A00B385ABAC1}.Debug|x64.ActiveCfg = Debug|x64
		{A30A03F3-1D5A-4A4A-8BCA-A00B385ABAC1}.Debug|x64.Build.0 = Debug|x64
		{A30A03F3-1D5A-4A4A-8BCA-A00B385ABAC1}.Debug|x86.ActiveCfg = Debug|x86
		{A30A03F3-1D5A-4A4A-8BCA-A00B385ABAC1}.Debug|x86.Build.0 = Debug|x86
		{A30A03F3-1D5A-4A4A-8BCA-A00B385ABAC1}.Release|Win32.ActiveCfg = Release|x86
		{A30A03F3-1D5A-4A4A-8BCA-A00B385ABAC1}.Release|Win32.Build.0 = Release|x86
		{A30A03F3-1D5A-4A4A-8BCA-A00B385ABAC1}.Release|x64.ActiveCfg = Release|x64
		{A30A03F3-1D5A-4A4A-8BCA-A00B385ABAC1}.Release|x64.Build.0 = Release|x64
		{A30A03F3-1D5A-4A4A-8BCA-A00B385ABAC1}.Release|x86.ActiveCfg = Release|x86
		{A30A03F3-1D5A-4A4A-8BCA-A00B385ABAC1}.Release|x86.Build.0 = Release|x86
		{7A46A89F-9479-4BBC-9852-05D85F54039E}.Debug|Win32.ActiveCfg = Debug|x64
		{7A46A89F-9479-4BBC-9852-05D85F54039E}.Debug|Win32.Build.0 = Debug|x64
		{7A46A89F-9479-4BBC-9852-05D85F54039E}.Debug|x64.ActiveCfg = Debug|x64
		{7A46A89F-9479-4BBC-9852-05D85F54039E}.Debug|x64.Build.0 = Debug|x64
		{7A46A89F-9479-4BBC-9852-05D85F54039E}.Debug|x86.ActiveCfg = Debug|Win32
		{7A46A89F-9479-4BBC-9852-05D85F54039E}.Debug|x86.Build.0 = Debug|Win32
		{7A46A89F-9479-4BBC-9852-05D85F54039E}.Release|Win32.ActiveCfg = Release|Win32
		{7A46A89F-9479-4BBC-9852-05D85F54039E}.Release|Win32.Build.0 = Release|Win32
		{7A46A89F-9479-4BBC-9852-05D85F54039E}.Release|x64.ActiveCfg = Release|x64
		{7A46A89F-9479-4BBC-9852-05D85F54039E}.Release|x64.Build.0 = Release|x64
		{7A46A89F-9479-4BBC-9852-05D85F54039E}.Release|x86.ActiveCfg = Release|Win32
		{7A46A89F-9479-4BBC-9852-05D85F54039E}.Release|x86.Build.0 = Release|Win32
		{F03AEF27-C721-4BB8-9B6E-1F2FE9382D8E}.Debug|Win32.ActiveCfg = Debug|x64
		{F03AEF27-C721-4BB8-9B6E-1F2FE9382D8E}.Debug|Win32.Build.0 = Debug|x64
		{F03AEF27-C721-4BB8-9B6E-1F2FE9382D8E}.Debug|x64.ActiveCfg = Debug|x64
		{F03AEF27-C721-4BB8-9B6E-1F2FE9382D8E}.Debug|x64.Build.0 = Debug|x64
		{F03AEF27-C721-4BB8-9B6E-1F2FE9382D8E}.Debug|x86.ActiveCfg = Debug|Win32
		{F03AEF27-C721-4BB8-9B6E-1F2FE9382D8E}.Debug|x86.Build.0 = Debug|Win32
		{F03AEF27-C721-4BB8-9B6E-1F2FE9382D8E}.Release|Win32.ActiveCfg = Release|Win32
		{F03AEF27-C721-4BB8-9B6E-1F2FE9382D8E}.Release|Win32.Build.0 = Release|Win32
		{F03AEF27-C721-4BB8-9B6E-1F2FE9382D8E}.Release|x64.ActiveCfg = Release|x64
		{F03AEF27-C721-4BB8-9B6E-1F2FE9382D8E}.Release|x64.Build.0 = Release|x64
		{F03AEF27-C721-4BB8-9B6E-1F2FE9382D8E}.Release|x86.ActiveCfg = Release|Win32
		{F03AEF27-C721-4BB8-9B6E-1F2FE9382D8E}.Release|x86.Build.0 = Release|Win32
		{FC8B9760-F19F-42BF-8221-70C40ACAAACA}.Debug|Win32.ActiveCfg = Debug|Win32
		{FC8B9760-F19F-42BF-8221-70C40ACAAACA}.Debug|Win32.Build.0 = Debug|Win32
		{FC8B9760-F19F-42BF-8221-70C40ACAAACA}.Debug|x64.ActiveCfg = Debug|x64
		{FC8B9760-F19F-42BF-8221-70C40ACAAACA}.Debug|x64.Build.0 = Debug|x64
		{FC8B9760-F19F-42BF-8221-70C40ACAAACA}.Debug|x86.ActiveCfg = Debug|Win32
		{FC8B9760-F19F-42BF-8221-70C40ACAAACA}.Debug|x86.Build.0 = Debug|Win32
		{FC8B9760-F19F-42BF-8221-70C40ACAAACA}.Release|Win32.ActiveCfg = Release|Win32
		{FC8B9760-F19F-42BF-8221-70C40ACAAACA}.Release|Win32.Build.0 = Release|Win32
		{FC8B9760-F19F-42BF-8221-70C40ACAAACA}.Release|x64.ActiveCfg = Release|x64
		{FC8B9760-F19F-42BF-8221-70C40ACAAACA}.Release|x64.Build.0 = Release|x64
		{FC8B9760-F19F-42BF-8221-70C40ACAAACA}.Release|x86.ActiveCfg = Release|Win32
		{FC8B9760-F19F-42BF-8221-70C40ACAAACA}.Release|x86.Build.0 = Release|Win32
	EndGlobalSection
	GlobalSection(SolutionProperties) = preSolution
		HideSolutionNode = FALSE
	EndGlobalSection
	GlobalSection(ExtensibilityGlobals) = postSolution
		SolutionGuid = {AC89A1F4-4A33-4CDB-A27F-AD45A005AF18}
	EndGlobalSection
EndGlobal
